
Microsoft Visual Studio Solution File, Format Version 12.00
# Visual Studio Version 17
VisualStudioVersion = 17.3.32804.467
MinimumVisualStudioVersion = 10.0.40219.1
Project("{9A19103F-16F7-4668-BE54-9A1E7A4F7556}") = "Ejercicio01", "Ejercicio01\Ejercicio01.csproj", "{FEF742FB-F90D-43E3-A91D-3E1D42C39923}"
EndProject
Project("{9A19103F-16F7-4668-BE54-9A1E7A4F7556}") = "Ejercicio02", "Ejercicio02\Ejercicio02.csproj", "{C7461200-4985-4016-9C31-000AEDE7810A}"
EndProject
Project("{FAE04EC0-301F-11D3-BF4B-00C04F79EFBC}") = "Ejercicio04", "Ejercicio04\Ejercicio04.csproj", "{0866A0D1-F2E7-41EF-8A3C-39C764960A5D}"
EndProject
Global
	GlobalSection(SolutionConfigurationPlatforms) = preSolution
		Debug|Any CPU = Debug|Any CPU
		Release|Any CPU = Release|Any CPU
	EndGlobalSection
	GlobalSection(ProjectConfigurationPlatforms) = postSolution
		{FEF742FB-F90D-43E3-A91D-3E1D42C39923}.Debug|Any CPU.ActiveCfg = Debug|Any CPU
		{FEF742FB-F90D-43E3-A91D-3E1D42C39923}.Debug|Any CPU.Build.0 = Debug|Any CPU
		{FEF742FB-F90D-43E3-A91D-3E1D42C39923}.Release|Any CPU.ActiveCfg = Release|Any CPU
		{FEF742FB-F90D-43E3-A91D-3E1D42C39923}.Release|Any CPU.Build.0 = Release|Any CPU
		{C7461200-4985-4016-9C31-000AEDE7810A}.Debug|Any CPU.ActiveCfg = Debug|Any CPU
		{C7461200-4985-4016-9C31-000AEDE7810A}.Debug|Any CPU.Build.0 = Debug|Any CPU
		{C7461200-4985-4016-9C31-000AEDE7810A}.Release|Any CPU.ActiveCfg = Release|Any CPU
		{C7461200-4985-4016-9C31-000AEDE7810A}.Release|Any CPU.Build.0 = Release|Any CPU
		{0866A0D1-F2E7-41EF-8A3C-39C764960A5D}.Debug|Any CPU.ActiveCfg = Debug|Any CPU
		{0866A0D1-F2E7-41EF-8A3C-39C764960A5D}.Debug|Any CPU.Build.0 = Debug|Any CPU
		{0866A0D1-F2E7-41EF-8A3C-39C764960A5D}.Release|Any CPU.ActiveCfg = Release|Any CPU
		{0866A0D1-F2E7-41EF-8A3C-39C764960A5D}.Release|Any CPU.Build.0 = Release|Any CPU
	EndGlobalSection
	GlobalSection(SolutionProperties) = preSolution
		HideSolutionNode = FALSE
	EndGlobalSection
	GlobalSection(ExtensibilityGlobals) = postSolution
		SolutionGuid = {7437AA09-058B-4AE0-A4DD-89A9D87E1B92}
	EndGlobalSection
EndGlobal
